
Microsoft Visual Studio Solution File, Format Version 12.00
# Visual Studio Version 17
VisualStudioVersion = 17.14.36414.22 d17.14
MinimumVisualStudioVersion = 10.0.40219.1
Project("{8BC9CEB8-8B4A-11D0-8D11-00A0C91BC942}") = "class.getter.setter", "class.getter.setter\class.getter.setter.vcxproj", "{5C142957-FF43-46C3-B432-FA1B64DA6F12}"
EndProject
Global
	GlobalSection(SolutionConfigurationPlatforms) = preSolution
		Debug|x64 = Debug|x64
		Debug|x86 = Debug|x86
		Release|x64 = Release|x64
		Release|x86 = Release|x86
	EndGlobalSection
	GlobalSection(ProjectConfigurationPlatforms) = postSolution
		{5C142957-FF43-46C3-B432-FA1B64DA6F12}.Debug|x64.ActiveCfg = Debug|x64
		{5C142957-FF43-46C3-B432-FA1B64DA6F12}.Debug|x64.Build.0 = Debug|x64
		{5C142957-FF43-46C3-B432-FA1B64DA6F12}.Debug|x86.ActiveCfg = Debug|Win32
		{5C142957-FF43-46C3-B432-FA1B64DA6F12}.Debug|x86.Build.0 = Debug|Win32
		{5C142957-FF43-46C3-B432-FA1B64DA6F12}.Release|x64.ActiveCfg = Release|x64
		{5C142957-FF43-46C3-B432-FA1B64DA6F12}.Release|x64.Build.0 = Release|x64
		{5C142957-FF43-46C3-B432-FA1B64DA6F12}.Release|x86.ActiveCfg = Release|Win32
		{5C142957-FF43-46C3-B432-FA1B64DA6F12}.Release|x86.Build.0 = Release|Win32
	EndGlobalSection
	GlobalSection(SolutionProperties) = preSolution
		HideSolutionNode = FALSE
	EndGlobalSection
	GlobalSection(ExtensibilityGlobals) = postSolution
		SolutionGuid = {00D21489-924F-4DF8-BBB7-A2104C7624B0}
	EndGlobalSection
EndGlobal
